<?xml version="1.0" encoding="utf-8"?>
<Project ToolsVersion="4.0" xmlns="http://schemas.microsoft.com/developer/msbuild/2003">
  <ItemGroup>
    <Filter Include="Исходные файлы">
      <UniqueIdentifier>{4FC737F1-C7A5-4376-A066-2A32D752A2FF}</UniqueIdentifier>
      <Extensions>cpp;c;cc;cxx;def;odl;idl;hpj;bat;asm;asmx</Extensions>
    </Filter>
    <Filter Include="Файлы ресурсов">
      <UniqueIdentifier>{67DA6AB6-F800-4c08-8B7A-83BB121AAD01}</UniqueIdentifier>
      <Extensions>rc;ico;cur;bmp;dlg;rc2;rct;bin;rgs;gif;jpg;jpeg;jpe;resx;tiff;tif;png;wav;mfcribbon-ms</Extensions>
    </Filter>
    <Filter Include="Файлы заголовков">
      <UniqueIdentifier>{93995380-89BD-4b04-88EB-625FBE52EBFB}</UniqueIdentifier>
      <Extensions>h;hh;hpp;hxx;hm;inl;inc;ipp;xsd</Extensions>
    </Filter>
    <Filter Include="Исходные файлы\sources">
      <UniqueIdentifier>{5cadcf9a-24c0-44dc-b688-2928ae5a88a0}</UniqueIdentifier>
    </Filter>
    <Filter Include="Файлы заголовков\include">
      <UniqueIdentifier>{9f5697cc-6b75-4841-a2b9-f894b90c03c3}</UniqueIdentifier>
    </Filter>
  </ItemGroup>
  <ItemGroup>
    <None Include="packages.config" />
  </ItemGroup>
  <ItemGroup>
    <ClInclude Include="include\Button.hpp">
      <Filter>Файлы заголовков\include</Filter>
    </ClInclude>
    <ClInclude Include="include\for_mainmenu.hpp">
      <Filter>Файлы заголовков\include</Filter>
    </ClInclude>
    <ClInclude Include="include\MainMenu.hpp">
      <Filter>Файлы заголовков\include</Filter>
    </ClInclude>
    <ClInclude Include="include\math_functions.hpp">
      <Filter>Файлы заголовков\include</Filter>
    </ClInclude>
    <ClInclude Include="include\Table.hpp">
      <Filter>Файлы заголовков\include</Filter>
    </ClInclude>
    <ClInclude Include="include\TableStone.hpp">
      <Filter>Файлы заголовков\include</Filter>
    </ClInclude>
  </ItemGroup>
  <ItemGroup>
    <ClCompile Include="sources\Table.cpp">
      <Filter>Исходные файлы\sources</Filter>
    </ClCompile>
    <ClCompile Include="sources\TableStone.cpp">
      <Filter>Исходные файлы\sources</Filter>
    </ClCompile>
    <ClCompile Include="sources\Source.cpp">
      <Filter>Исходные файлы\sources</Filter>
    </ClCompile>
    <ClCompile Include="sources\math_functions.cpp">
      <Filter>Исходные файлы\sources</Filter>
    </ClCompile>
    <ClCompile Include="sources\MainMenu.cpp">
      <Filter>Исходные файлы\sources</Filter>
    </ClCompile>
    <ClCompile Include="sources\for_mainmenu.cpp">
      <Filter>Исходные файлы\sources</Filter>
    </ClCompile>
    <ClCompile Include="sources\Button.cpp">
      <Filter>Исходные файлы\sources</Filter>
    </ClCompile>
  </ItemGroup>
</Project>